
Microsoft Visual Studio Solution File, Format Version 12.00
# Visual Studio Version 16
VisualStudioVersion = 25.0.1705.0
MinimumVisualStudioVersion = 10.0.40219.1
Project("{FAE04EC0-301F-11D3-BF4B-00C04F79EFBC}") = "juegobatterfield", "juegobatterfield\juegobatterfield.csproj", "{3BA32E6D-069B-45FB-8425-8830802BB011}"
EndProject
Global
	GlobalSection(SolutionConfigurationPlatforms) = preSolution
		Debug|Any CPU = Debug|Any CPU
		Release|Any CPU = Release|Any CPU
	EndGlobalSection
	GlobalSection(ProjectConfigurationPlatforms) = postSolution
		{3BA32E6D-069B-45FB-8425-8830802BB011}.Debug|Any CPU.ActiveCfg = Debug|Any CPU
		{3BA32E6D-069B-45FB-8425-8830802BB011}.Debug|Any CPU.Build.0 = Debug|Any CPU
		{3BA32E6D-069B-45FB-8425-8830802BB011}.Release|Any CPU.ActiveCfg = Release|Any CPU
		{3BA32E6D-069B-45FB-8425-8830802BB011}.Release|Any CPU.Build.0 = Release|Any CPU
	EndGlobalSection
	GlobalSection(SolutionProperties) = preSolution
		HideSolutionNode = FALSE
	EndGlobalSection
	GlobalSection(ExtensibilityGlobals) = postSolution
		SolutionGuid = {A5A36E64-4908-4749-9340-08CE8E86288F}
	EndGlobalSection
EndGlobal
